{
  "version": 1,
  "dependencies": {
    "net10.0": {
      "System.IO.Packaging": {
        "type": "Direct",
        "requested": "[10.0.12, )",
        "resolved": "10.0.12",
        "contentHash": "Bsop0fosps100BOj1s9uIM3XaUpoLok5s0LTuEeKXvKse1XvpYvnzeC/7AZXCs3MkFurRkLe9k9XwKNZz2retw=="
      },
      "vibetable.workspace": {
        "type": "Project"
      }
    }
  }
}