
Microsoft Visual Studio Solution File, Format Version 12.00
# Visual Studio Version 17
VisualStudioVersion = 17.0.31903.59
MinimumVisualStudioVersion = 10.0.40219.1
Project("{2150E333-8FDC-42A3-9474-1A3956D46DE8}") = "src", "src", "{827E0CD3-B72D-47B6-A68D-7590B98EB39B}"
EndProject
Project("{FAE04EC0-301F-11D3-BF4B-00C04F79EFBC}") = "VibeTable.Contracts", "src\VibeTable.Contracts\VibeTable.Contracts.csproj", "{365FFE42-7582-4747-BA05-D8FB85A7F368}"
EndProject
Project("{FAE04EC0-301F-11D3-BF4B-00C04F79EFBC}") = "VibeTable.Infrastructure", "src\VibeTable.Infrastructure\VibeTable.Infrastructure.csproj", "{C085EF7D-E0F0-48C3-8072-B63AF7AA4793}"
EndProject
Project("{FAE04EC0-301F-11D3-BF4B-00C04F79EFBC}") = "VibeTable.Desktop", "src\VibeTable.Desktop\VibeTable.Desktop.csproj", "{0754DCA1-E930-4A53-B3BD-B9C6D9F7C735}"
EndProject
Project("{FAE04EC0-301F-11D3-BF4B-00C04F79EFBC}") = "VibeTable.Workspace", "src\VibeTable.Workspace\VibeTable.Workspace.csproj", "{E1A2B3C4-D5E6-4F70-8A91-2B3C4D5E6F70}"
EndProject
Project("{2150E333-8FDC-42A3-9474-1A3956D46DE8}") = "tests", "tests", "{0AB3BF05-4346-4AA6-1389-037BE0695223}"
EndProject
Project("{FAE04EC0-301F-11D3-BF4B-00C04F79EFBC}") = "VibeTable.Contracts.Tests", "tests\VibeTable.Contracts.Tests\VibeTable.Contracts.Tests.csproj", "{A590A5FB-C89D-4E5D-9879-01DEA9B2B050}"
EndProject
Project("{FAE04EC0-301F-11D3-BF4B-00C04F79EFBC}") = "VibeTable.Infrastructure.Tests", "tests\VibeTable.Infrastructure.Tests\VibeTable.Infrastructure.Tests.csproj", "{59B72699-9339-4D28-975D-4FFF08B6DC21}"
EndProject
Project("{FAE04EC0-301F-11D3-BF4B-00C04F79EFBC}") = "VibeTable.Desktop.Tests", "tests\VibeTable.Desktop.Tests\VibeTable.Desktop.Tests.csproj", "{DFE571C0-6368-4023-AC1A-2B95B0636682}"
EndProject
Project("{FAE04EC0-301F-11D3-BF4B-00C04F79EFBC}") = "VibeTable.Workspace.Tests", "tests\VibeTable.Workspace.Tests\VibeTable.Workspace.Tests.csproj", "{F2B3C4D5-E6F7-4081-9A23-3C4D5E6F7081}"
EndProject
Global
	GlobalSection(SolutionConfigurationPlatforms) = preSolution
		Debug|Any CPU = Debug|Any CPU
		Debug|x64 = Debug|x64
		Debug|x86 = Debug|x86
		Release|Any CPU = Release|Any CPU
		Release|x64 = Release|x64
		Release|x86 = Release|x86
	EndGlobalSection
	GlobalSection(ProjectConfigurationPlatforms) = postSolution
		{365FFE42-7582-4747-BA05-D8FB85A7F368}.Debug|Any CPU.ActiveCfg = Debug|Any CPU
		{365FFE42-7582-4747-BA05-D8FB85A7F368}.Debug|Any CPU.Build.0 = Debug|Any CPU
		{365FFE42-7582-4747-BA05-D8FB85A7F368}.Debug|x64.ActiveCfg = Debug|Any CPU
		{365FFE42-7582-4747-BA05-D8FB85A7F368}.Debug|x64.Build.0 = Debug|Any CPU
		{365FFE42-7582-4747-BA05-D8FB85A7F368}.Debug|x86.ActiveCfg = Debug|Any CPU
		{365FFE42-7582-4747-BA05-D8FB85A7F368}.Debug|x86.Build.0 = Debug|Any CPU
		{365FFE42-7582-4747-BA05-D8FB85A7F368}.Release|Any CPU.ActiveCfg = Release|Any CPU
		{365FFE42-7582-4747-BA05-D8FB85A7F368}.Release|Any CPU.Build.0 = Release|Any CPU
		{365FFE42-7582-4747-BA05-D8FB85A7F368}.Release|x64.ActiveCfg = Release|Any CPU
		{365FFE42-7582-4747-BA05-D8FB85A7F368}.Release|x64.Build.0 = Release|Any CPU
		{365FFE42-7582-4747-BA05-D8FB85A7F368}.Release|x86.ActiveCfg = Release|Any CPU
		{365FFE42-7582-4747-BA05-D8FB85A7F368}.Release|x86.Build.0 = Release|Any CPU
		{C085EF7D-E0F0-48C3-8072-B63AF7AA4793}.Debug|Any CPU.ActiveCfg = Debug|Any CPU
		{C085EF7D-E0F0-48C3-8072-B63AF7AA4793}.Debug|Any CPU.Build.0 = Debug|Any CPU
		{C085EF7D-E0F0-48C3-8072-B63AF7AA4793}.Debug|x64.ActiveCfg = Debug|Any CPU
		{C085EF7D-E0F0-48C3-8072-B63AF7AA4793}.Debug|x64.Build.0 = Debug|Any CPU
		{C085EF7D-E0F0-48C3-8072-B63AF7AA4793}.Debug|x86.ActiveCfg = Debug|Any CPU
		{C085EF7D-E0F0-48C3-8072-B63AF7AA4793}.Debug|x86.Build.0 = Debug|Any CPU
		{C085EF7D-E0F0-48C3-8072-B63AF7AA4793}.Release|Any CPU.ActiveCfg = Release|Any CPU
		{C085EF7D-E0F0-48C3-8072-B63AF7AA4793}.Release|Any CPU.Build.0 = Release|Any CPU
		{C085EF7D-E0F0-48C3-8072-B63AF7AA4793}.Release|x64.ActiveCfg = Release|Any CPU
		{C085EF7D-E0F0-48C3-8072-B63AF7AA4793}.Release|x64.Build.0 = Release|Any CPU
		{C085EF7D-E0F0-48C3-8072-B63AF7AA4793}.Release|x86.ActiveCfg = Release|Any CPU
		{C085EF7D-E0F0-48C3-8072-B63AF7AA4793}.Release|x86.Build.0 = Release|Any CPU
		{0754DCA1-E930-4A53-B3BD-B9C6D9F7C735}.Debug|Any CPU.ActiveCfg = Debug|Any CPU
		{0754DCA1-E930-4A53-B3BD-B9C6D9F7C735}.Debug|Any CPU.Build.0 = Debug|Any CPU
		{0754DCA1-E930-4A53-B3BD-B9C6D9F7C735}.Debug|x64.ActiveCfg = Debug|Any CPU
		{0754DCA1-E930-4A53-B3BD-B9C6D9F7C735}.Debug|x64.Build.0 = Debug|Any CPU
		{0754DCA1-E930-4A53-B3BD-B9C6D9F7C735}.Debug|x86.ActiveCfg = Debug|Any CPU
		{0754DCA1-E930-4A53-B3BD-B9C6D9F7C735}.Debug|x86.Build.0 = Debug|Any CPU
		{0754DCA1-E930-4A53-B3BD-B9C6D9F7C735}.Release|Any CPU.ActiveCfg = Release|Any CPU
		{0754DCA1-E930-4A53-B3BD-B9C6D9F7C735}.Release|Any CPU.Build.0 = Release|Any CPU
		{0754DCA1-E930-4A53-B3BD-B9C6D9F7C735}.Release|x64.ActiveCfg = Release|Any CPU
		{0754DCA1-E930-4A53-B3BD-B9C6D9F7C735}.Release|x64.Build.0 = Release|Any CPU
		{0754DCA1-E930-4A53-B3BD-B9C6D9F7C735}.Release|x86.ActiveCfg = Release|Any CPU
		{0754DCA1-E930-4A53-B3BD-B9C6D9F7C735}.Release|x86.Build.0 = Release|Any CPU
		{A590A5FB-C89D-4E5D-9879-01DEA9B2B050}.Debug|Any CPU.ActiveCfg = Debug|Any CPU
		{A590A5FB-C89D-4E5D-9879-01DEA9B2B050}.Debug|Any CPU.Build.0 = Debug|Any CPU
		{A590A5FB-C89D-4E5D-9879-01DEA9B2B050}.Debug|x64.ActiveCfg = Debug|Any CPU
		{A590A5FB-C89D-4E5D-9879-01DEA9B2B050}.Debug|x64.Build.0 = Debug|Any CPU
		{A590A5FB-C89D-4E5D-9879-01DEA9B2B050}.Debug|x86.ActiveCfg = Debug|Any CPU
		{A590A5FB-C89D-4E5D-9879-01DEA9B2B050}.Debug|x86.Build.0 = Debug|Any CPU
		{A590A5FB-C89D-4E5D-9879-01DEA9B2B050}.Release|Any CPU.ActiveCfg = Release|Any CPU
		{A590A5FB-C89D-4E5D-9879-01DEA9B2B050}.Release|Any CPU.Build.0 = Release|Any CPU
		{A590A5FB-C89D-4E5D-9879-01DEA9B2B050}.Release|x64.ActiveCfg = Release|Any CPU
		{A590A5FB-C89D-4E5D-9879-01DEA9B2B050}.Release|x64.Build.0 = Release|Any CPU
		{A590A5FB-C89D-4E5D-9879-01DEA9B2B050}.Release|x86.ActiveCfg = Release|Any CPU
		{A590A5FB-C89D-4E5D-9879-01DEA9B2B050}.Release|x86.Build.0 = Release|Any CPU
		{59B72699-9339-4D28-975D-4FFF08B6DC21}.Debug|Any CPU.ActiveCfg = Debug|Any CPU
		{59B72699-9339-4D28-975D-4FFF08B6DC21}.Debug|Any CPU.Build.0 = Debug|Any CPU
		{59B72699-9339-4D28-975D-4FFF08B6DC21}.Debug|x64.ActiveCfg = Debug|Any CPU
		{59B72699-9339-4D28-975D-4FFF08B6DC21}.Debug|x64.Build.0 = Debug|Any CPU
		{59B72699-9339-4D28-975D-4FFF08B6DC21}.Debug|x86.ActiveCfg = Debug|Any CPU
		{59B72699-9339-4D28-975D-4FFF08B6DC21}.Debug|x86.Build.0 = Debug|Any CPU
		{59B72699-9339-4D28-975D-4FFF08B6DC21}.Release|Any CPU.ActiveCfg = Release|Any CPU
		{59B72699-9339-4D28-975D-4FFF08B6DC21}.Release|Any CPU.Build.0 = Release|Any CPU
		{59B72699-9339-4D28-975D-4FFF08B6DC21}.Release|x64.ActiveCfg = Release|Any CPU
		{59B72699-9339-4D28-975D-4FFF08B6DC21}.Release|x64.Build.0 = Release|Any CPU
		{59B72699-9339-4D28-975D-4FFF08B6DC21}.Release|x86.ActiveCfg = Release|Any CPU
		{59B72699-9339-4D28-975D-4FFF08B6DC21}.Release|x86.Build.0 = Release|Any CPU
		{DFE571C0-6368-4023-AC1A-2B95B0636682}.Debug|Any CPU.ActiveCfg = Debug|Any CPU
		{DFE571C0-6368-4023-AC1A-2B95B0636682}.Debug|Any CPU.Build.0 = Debug|Any CPU
		{DFE571C0-6368-4023-AC1A-2B95B0636682}.Debug|x64.ActiveCfg = Debug|Any CPU
		{DFE571C0-6368-4023-AC1A-2B95B0636682}.Debug|x64.Build.0 = Debug|Any CPU
		{DFE571C0-6368-4023-AC1A-2B95B0636682}.Debug|x86.ActiveCfg = Debug|Any CPU
		{DFE571C0-6368-4023-AC1A-2B95B0636682}.Debug|x86.Build.0 = Debug|Any CPU
		{DFE571C0-6368-4023-AC1A-2B95B0636682}.Release|Any CPU.ActiveCfg = Release|Any CPU
		{DFE571C0-6368-4023-AC1A-2B95B0636682}.Release|Any CPU.Build.0 = Release|Any CPU
		{DFE571C0-6368-4023-AC1A-2B95B0636682}.Release|x64.ActiveCfg = Release|Any CPU
		{DFE571C0-6368-4023-AC1A-2B95B0636682}.Release|x64.Build.0 = Release|Any CPU
		{DFE571C0-6368-4023-AC1A-2B95B0636682}.Release|x86.ActiveCfg = Release|Any CPU
		{DFE571C0-6368-4023-AC1A-2B95B0636682}.Release|x86.Build.0 = Release|Any CPU
		{E1A2B3C4-D5E6-4F70-8A91-2B3C4D5E6F70}.Debug|Any CPU.ActiveCfg = Debug|Any CPU
		{E1A2B3C4-D5E6-4F70-8A91-2B3C4D5E6F70}.Debug|Any CPU.Build.0 = Debug|Any CPU
		{E1A2B3C4-D5E6-4F70-8A91-2B3C4D5E6F70}.Debug|x64.ActiveCfg = Debug|Any CPU
		{E1A2B3C4-D5E6-4F70-8A91-2B3C4D5E6F70}.Debug|x64.Build.0 = Debug|Any CPU
		{E1A2B3C4-D5E6-4F70-8A91-2B3C4D5E6F70}.Debug|x86.ActiveCfg = Debug|Any CPU
		{E1A2B3C4-D5E6-4F70-8A91-2B3C4D5E6F70}.Debug|x86.Build.0 = Debug|Any CPU
		{E1A2B3C4-D5E6-4F70-8A91-2B3C4D5E6F70}.Release|Any CPU.ActiveCfg = Release|Any CPU
		{E1A2B3C4-D5E6-4F70-8A91-2B3C4D5E6F70}.Release|Any CPU.Build.0 = Release|Any CPU
		{E1A2B3C4-D5E6-4F70-8A91-2B3C4D5E6F70}.Release|x64.ActiveCfg = Release|Any CPU
		{E1A2B3C4-D5E6-4F70-8A91-2B3C4D5E6F70}.Release|x64.Build.0 = Release|Any CPU
		{E1A2B3C4-D5E6-4F70-8A91-2B3C4D5E6F70}.Release|x86.ActiveCfg = Release|Any CPU
		{E1A2B3C4-D5E6-4F70-8A91-2B3C4D5E6F70}.Release|x86.Build.0 = Release|Any CPU
		{F2B3C4D5-E6F7-4081-9A23-3C4D5E6F7081}.Debug|Any CPU.ActiveCfg = Debug|Any CPU
		{F2B3C4D5-E6F7-4081-9A23-3C4D5E6F7081}.Debug|Any CPU.Build.0 = Debug|Any CPU
		{F2B3C4D5-E6F7-4081-9A23-3C4D5E6F7081}.Debug|x64.ActiveCfg = Debug|Any CPU
		{F2B3C4D5-E6F7-4081-9A23-3C4D5E6F7081}.Debug|x64.Build.0 = Debug|Any CPU
		{F2B3C4D5-E6F7-4081-9A23-3C4D5E6F7081}.Debug|x86.ActiveCfg = Debug|Any CPU
		{F2B3C4D5-E6F7-4081-9A23-3C4D5E6F7081}.Debug|x86.Build.0 = Debug|Any CPU
		{F2B3C4D5-E6F7-4081-9A23-3C4D5E6F7081}.Release|Any CPU.ActiveCfg = Release|Any CPU
		{F2B3C4D5-E6F7-4081-9A23-3C4D5E6F7081}.Release|Any CPU.Build.0 = Release|Any CPU
		{F2B3C4D5-E6F7-4081-9A23-3C4D5E6F7081}.Release|x64.ActiveCfg = Release|Any CPU
		{F2B3C4D5-E6F7-4081-9A23-3C4D5E6F7081}.Release|x64.Build.0 = Release|Any CPU
		{F2B3C4D5-E6F7-4081-9A23-3C4D5E6F7081}.Release|x86.ActiveCfg = Release|Any CPU
		{F2B3C4D5-E6F7-4081-9A23-3C4D5E6F7081}.Release|x86.Build.0 = Release|Any CPU
	EndGlobalSection
	GlobalSection(SolutionProperties) = preSolution
		HideSolutionNode = FALSE
	EndGlobalSection
	GlobalSection(NestedProjects) = preSolution
		{365FFE42-7582-4747-BA05-D8FB85A7F368} = {827E0CD3-B72D-47B6-A68D-7590B98EB39B}
		{C085EF7D-E0F0-48C3-8072-B63AF7AA4793} = {827E0CD3-B72D-47B6-A68D-7590B98EB39B}
		{0754DCA1-E930-4A53-B3BD-B9C6D9F7C735} = {827E0CD3-B72D-47B6-A68D-7590B98EB39B}
		{E1A2B3C4-D5E6-4F70-8A91-2B3C4D5E6F70} = {827E0CD3-B72D-47B6-A68D-7590B98EB39B}
		{A590A5FB-C89D-4E5D-9879-01DEA9B2B050} = {0AB3BF05-4346-4AA6-1389-037BE0695223}
		{59B72699-9339-4D28-975D-4FFF08B6DC21} = {0AB3BF05-4346-4AA6-1389-037BE0695223}
		{DFE571C0-6368-4023-AC1A-2B95B0636682} = {0AB3BF05-4346-4AA6-1389-037BE0695223}
		{F2B3C4D5-E6F7-4081-9A23-3C4D5E6F7081} = {0AB3BF05-4346-4AA6-1389-037BE0695223}
	EndGlobalSection
EndGlobal
